
Microsoft Visual Studio Solution File, Format Version 12.00
# Visual Studio Version 16
VisualStudioVersion = 16.0.30204.135
MinimumVisualStudioVersion = 10.0.40219.1
Project("{FAE04EC0-301F-11D3-BF4B-00C04F79EFBC}") = "Escolas.API", "Escolas.API\Escolas.API.csproj", "{BF902D88-970C-4323-BD8F-C71AFCB665CA}"
EndProject
Global
	GlobalSection(SolutionConfigurationPlatforms) = preSolution
		Debug|Any CPU = Debug|Any CPU
		Release|Any CPU = Release|Any CPU
	EndGlobalSection
	GlobalSection(ProjectConfigurationPlatforms) = postSolution
		{BF902D88-970C-4323-BD8F-C71AFCB665CA}.Debug|Any CPU.ActiveCfg = Debug|Any CPU
		{BF902D88-970C-4323-BD8F-C71AFCB665CA}.Debug|Any CPU.Build.0 = Debug|Any CPU
		{BF902D88-970C-4323-BD8F-C71AFCB665CA}.Release|Any CPU.ActiveCfg = Release|Any CPU
		{BF902D88-970C-4323-BD8F-C71AFCB665CA}.Release|Any CPU.Build.0 = Release|Any CPU
	EndGlobalSection
	GlobalSection(SolutionProperties) = preSolution
		HideSolutionNode = FALSE
	EndGlobalSection
	GlobalSection(ExtensibilityGlobals) = postSolution
		SolutionGuid = {976C33EC-2BC1-485E-84F6-09BEDEEF852C}
	EndGlobalSection
EndGlobal
